
Microsoft Visual Studio Solution File, Format Version 12.00
# Visual Studio Version 17
VisualStudioVersion = 17.1.31903.286
MinimumVisualStudioVersion = 10.0.40219.1
Project("{2150E333-8FDC-42A3-9474-1A3956D46DE8}") = "Solution Items", "Solution Items", "{8CB270E5-F45F-4E85-A3D8-8B2440CC79E1}"
	ProjectSection(SolutionItems) = preProject
		.editorconfig = .editorconfig
		.gitattributes = .gitattributes
		.gitignore = .gitignore
		build.cmd = build.cmd
		build.sh = build.sh
		CODE_OF_CONDUCT.md = CODE_OF_CONDUCT.md
		Directory.Build.props = Directory.Build.props
		Directory.Build.targets = Directory.Build.targets
		Directory.Packages.props = Directory.Packages.props
		exclusion.dic = exclusion.dic
		global.json = global.json
		LICENSE.md = LICENSE.md
		NOTICE.md = NOTICE.md
		NuGet.config = NuGet.config
		Open.snk = Open.snk
		pack.cmd = pack.cmd
		pack.sh = pack.sh
		README.md = README.md
		restore.cmd = restore.cmd
		restore.sh = restore.sh
		test.cmd = test.cmd
		test.sh = test.sh
	EndProjectSection
EndProject
Project("{2150E333-8FDC-42A3-9474-1A3956D46DE8}") = "sources", "sources", "{62B5C536-C224-4EE1-972F-05F732B5980B}"
	ProjectSection(SolutionItems) = preProject
		sources\Directory.Build.props = sources\Directory.Build.props
		sources\Directory.Build.targets = sources\Directory.Build.targets
	EndProjectSection
EndProject
Project("{9A19103F-16F7-4668-BE54-9A1E7A4F7556}") = "LLVMSharp", "sources\LLVMSharp\LLVMSharp.csproj", "{B4D577B6-47B7-494B-9590-80247F14F2E7}"
EndProject
Project("{2150E333-8FDC-42A3-9474-1A3956D46DE8}") = "tests", "tests", "{5E2DA015-A829-4304-9B2F-B868ECB77A95}"
	ProjectSection(SolutionItems) = preProject
		tests\Directory.Build.props = tests\Directory.Build.props
		tests\Directory.Build.targets = tests\Directory.Build.targets
	EndProjectSection
EndProject
Project("{9A19103F-16F7-4668-BE54-9A1E7A4F7556}") = "LLVMSharp.UnitTests", "tests\LLVMSharp.UnitTests\LLVMSharp.UnitTests.csproj", "{293C5F55-2CB1-4398-946B-8AD8E37D7FEE}"
EndProject
Project("{2150E333-8FDC-42A3-9474-1A3956D46DE8}") = "scripts", "scripts", "{9BF3ABB4-8193-4E44-AD0D-82F4C40887E6}"
	ProjectSection(SolutionItems) = preProject
		scripts\build.ps1 = scripts\build.ps1
		scripts\build.sh = scripts\build.sh
		scripts\cibuild.cmd = scripts\cibuild.cmd
		scripts\cibuild.sh = scripts\cibuild.sh
		scripts\SignClientFileList.txt = scripts\SignClientFileList.txt
		scripts\SignClientSettings.json = scripts\SignClientSettings.json
	EndProjectSection
EndProject
Project("{2150E333-8FDC-42A3-9474-1A3956D46DE8}") = "packages", "packages", "{CD611531-75EA-4328-8C25-8D0496E61EC2}"
EndProject
Project("{2150E333-8FDC-42A3-9474-1A3956D46DE8}") = "libLLVM", "libLLVM", "{9D46FF1C-E09F-4063-A97D-C09F26310B67}"
EndProject
Project("{2150E333-8FDC-42A3-9474-1A3956D46DE8}") = "libLLVM", "libLLVM", "{568A07AC-AF60-4A3E-ABD3-2B51D9DD4EBF}"
	ProjectSection(SolutionItems) = preProject
		packages\libLLVM\libLLVM\libLLVM.nuspec = packages\libLLVM\libLLVM\libLLVM.nuspec
		packages\libLLVM\libLLVM\LICENSE.TXT = packages\libLLVM\libLLVM\LICENSE.TXT
		packages\libLLVM\libLLVM\runtime.json = packages\libLLVM\libLLVM\runtime.json
	EndProjectSection
EndProject
Project("{2150E333-8FDC-42A3-9474-1A3956D46DE8}") = "libLLVM.runtime.linux-arm64", "libLLVM.runtime.linux-arm64", "{16539CB8-8AC7-4AD0-9D54-8EE615B2FCF3}"
	ProjectSection(SolutionItems) = preProject
		packages\libLLVM\libLLVM.runtime.linux-arm64\libLLVM.runtime.linux-arm64.nuspec = packages\libLLVM\libLLVM.runtime.linux-arm64\libLLVM.runtime.linux-arm64.nuspec
	EndProjectSection
EndProject
Project("{2150E333-8FDC-42A3-9474-1A3956D46DE8}") = "libLLVM.runtime.win-x64", "libLLVM.runtime.win-x64", "{E785DDD0-B9CD-4412-8A3C-4E65C601168C}"
	ProjectSection(SolutionItems) = preProject
		packages\libLLVM\libLLVM.runtime.win-x64\libLLVM.runtime.win-x64.nuspec = packages\libLLVM\libLLVM.runtime.win-x64\libLLVM.runtime.win-x64.nuspec
	EndProjectSection
EndProject
Project("{2150E333-8FDC-42A3-9474-1A3956D46DE8}") = "libLLVM.runtime.win-arm64", "libLLVM.runtime.win-arm64", "{19DB05E9-59B6-45E9-B47D-62913F7DF9A8}"
	ProjectSection(SolutionItems) = preProject
		packages\libLLVM\libLLVM.runtime.win-arm64\libLLVM.runtime.win-arm64.nuspec = packages\libLLVM\libLLVM.runtime.win-arm64\libLLVM.runtime.win-arm64.nuspec
	EndProjectSection
EndProject
Project("{9A19103F-16F7-4668-BE54-9A1E7A4F7556}") = "LLVMSharp.Interop", "sources\LLVMSharp.Interop\LLVMSharp.Interop.csproj", "{CEA0F0C9-DF25-446B-8F55-FB629BD1D3E6}"
EndProject
Project("{2150E333-8FDC-42A3-9474-1A3956D46DE8}") = ".github", ".github", "{E8ADE5A7-4363-43B7-B104-6B0E5510CAF0}"
EndProject
Project("{2150E333-8FDC-42A3-9474-1A3956D46DE8}") = "workflows", "workflows", "{706334B8-BB91-49A4-BC9C-DFFDF3DCD770}"
	ProjectSection(SolutionItems) = preProject
		.github\workflows\ci.yml = .github\workflows\ci.yml
	EndProjectSection
EndProject
Project("{2150E333-8FDC-42A3-9474-1A3956D46DE8}") = "libLLVM.runtime.linux-x64", "libLLVM.runtime.linux-x64", "{C8508256-2EC1-4C88-B61D-AFB86569FBCD}"
	ProjectSection(SolutionItems) = preProject
		packages\libLLVM\libLLVM.runtime.linux-x64\libLLVM.runtime.linux-x64.nuspec = packages\libLLVM\libLLVM.runtime.linux-x64\libLLVM.runtime.linux-x64.nuspec
	EndProjectSection
EndProject
Project("{2150E333-8FDC-42A3-9474-1A3956D46DE8}") = "libLLVM.runtime.osx-arm64", "libLLVM.runtime.osx-arm64", "{3870145D-F6DC-4082-A3F5-2316D49ADD43}"
	ProjectSection(SolutionItems) = preProject
		packages\libLLVM\libLLVM.runtime.osx-arm64\libLLVM.runtime.osx-arm64.nuspec = packages\libLLVM\libLLVM.runtime.osx-arm64\libLLVM.runtime.osx-arm64.nuspec
	EndProjectSection
EndProject
Project("{2150E333-8FDC-42A3-9474-1A3956D46DE8}") = "libLLVMSharp", "libLLVMSharp", "{02EA681E-C7D8-13C7-8484-4AC65E1B71E8}"
EndProject
Project("{2150E333-8FDC-42A3-9474-1A3956D46DE8}") = "libLLVMSharp", "libLLVMSharp", "{0682D98B-82C9-4EC9-8207-70C142418BB2}"
	ProjectSection(SolutionItems) = preProject
		packages\libLLVMSharp\libLLVMSharp\libLLVMSharp.nuspec = packages\libLLVMSharp\libLLVMSharp\libLLVMSharp.nuspec
		packages\libLLVMSharp\libLLVMSharp\LICENSE.TXT = packages\libLLVMSharp\libLLVMSharp\LICENSE.TXT
		packages\libLLVMSharp\libLLVMSharp\NOTICE.txt = packages\libLLVMSharp\libLLVMSharp\NOTICE.txt
		packages\libLLVMSharp\libLLVMSharp\runtime.json = packages\libLLVMSharp\libLLVMSharp\runtime.json
	EndProjectSection
EndProject
Project("{2150E333-8FDC-42A3-9474-1A3956D46DE8}") = "libLLVMSharp.runtime.linux-arm64", "libLLVMSharp.runtime.linux-arm64", "{50AABB72-FDA0-417B-875D-3DB2EE7C3BAF}"
	ProjectSection(SolutionItems) = preProject
		packages\libLLVMSharp\libLLVMSharp.runtime.linux-arm64\libLLVMSharp.runtime.linux-arm64.nuspec = packages\libLLVMSharp\libLLVMSharp.runtime.linux-arm64\libLLVMSharp.runtime.linux-arm64.nuspec
	EndProjectSection
EndProject
Project("{2150E333-8FDC-42A3-9474-1A3956D46DE8}") = "libLLVMSharp.runtime.linux-x64", "libLLVMSharp.runtime.linux-x64", "{C7FC1228-24FC-4353-8676-F48CBAAB39F2}"
	ProjectSection(SolutionItems) = preProject
		packages\libLLVMSharp\libLLVMSharp.runtime.linux-x64\libLLVMSharp.runtime.linux-x64.nuspec = packages\libLLVMSharp\libLLVMSharp.runtime.linux-x64\libLLVMSharp.runtime.linux-x64.nuspec
	EndProjectSection
EndProject
Project("{2150E333-8FDC-42A3-9474-1A3956D46DE8}") = "libLLVMSharp.runtime.osx-arm64", "libLLVMSharp.runtime.osx-arm64", "{5C3AF6C4-561B-4261-9E7C-6643F95253AF}"
	ProjectSection(SolutionItems) = preProject
		packages\libLLVMSharp\libLLVMSharp.runtime.osx-arm64\libLLVMSharp.runtime.osx-arm64.nuspec = packages\libLLVMSharp\libLLVMSharp.runtime.osx-arm64\libLLVMSharp.runtime.osx-arm64.nuspec
	EndProjectSection
EndProject
Project("{2150E333-8FDC-42A3-9474-1A3956D46DE8}") = "libLLVMSharp.runtime.win-arm64", "libLLVMSharp.runtime.win-arm64", "{DD215D09-65A9-4CA2-8D08-1451193194C1}"
	ProjectSection(SolutionItems) = preProject
		packages\libLLVMSharp\libLLVMSharp.runtime.win-arm64\libLLVMSharp.runtime.win-arm64.nuspec = packages\libLLVMSharp\libLLVMSharp.runtime.win-arm64\libLLVMSharp.runtime.win-arm64.nuspec
	EndProjectSection
EndProject
Project("{2150E333-8FDC-42A3-9474-1A3956D46DE8}") = "libLLVMSharp.runtime.win-x64", "libLLVMSharp.runtime.win-x64", "{AB31A11D-2B8A-405A-A70A-FD94E99689E5}"
	ProjectSection(SolutionItems) = preProject
		packages\libLLVMSharp\libLLVMSharp.runtime.win-x64\libLLVMSharp.runtime.win-x64.nuspec = packages\libLLVMSharp\libLLVMSharp.runtime.win-x64\libLLVMSharp.runtime.win-x64.nuspec
	EndProjectSection
EndProject
Global
	GlobalSection(SolutionConfigurationPlatforms) = preSolution
		Debug|Any CPU = Debug|Any CPU
		Release|Any CPU = Release|Any CPU
	EndGlobalSection
	GlobalSection(ProjectConfigurationPlatforms) = postSolution
		{B4D577B6-47B7-494B-9590-80247F14F2E7}.Debug|Any CPU.ActiveCfg = Debug|Any CPU
		{B4D577B6-47B7-494B-9590-80247F14F2E7}.Debug|Any CPU.Build.0 = Debug|Any CPU
		{B4D577B6-47B7-494B-9590-80247F14F2E7}.Release|Any CPU.ActiveCfg = Release|Any CPU
		{B4D577B6-47B7-494B-9590-80247F14F2E7}.Release|Any CPU.Build.0 = Release|Any CPU
		{293C5F55-2CB1-4398-946B-8AD8E37D7FEE}.Debug|Any CPU.ActiveCfg = Debug|Any CPU
		{293C5F55-2CB1-4398-946B-8AD8E37D7FEE}.Debug|Any CPU.Build.0 = Debug|Any CPU
		{293C5F55-2CB1-4398-946B-8AD8E37D7FEE}.Release|Any CPU.ActiveCfg = Release|Any CPU
		{293C5F55-2CB1-4398-946B-8AD8E37D7FEE}.Release|Any CPU.Build.0 = Release|Any CPU
		{CEA0F0C9-DF25-446B-8F55-FB629BD1D3E6}.Debug|Any CPU.ActiveCfg = Debug|Any CPU
		{CEA0F0C9-DF25-446B-8F55-FB629BD1D3E6}.Debug|Any CPU.Build.0 = Debug|Any CPU
		{CEA0F0C9-DF25-446B-8F55-FB629BD1D3E6}.Release|Any CPU.ActiveCfg = Release|Any CPU
		{CEA0F0C9-DF25-446B-8F55-FB629BD1D3E6}.Release|Any CPU.Build.0 = Release|Any CPU
	EndGlobalSection
	GlobalSection(SolutionProperties) = preSolution
		HideSolutionNode = FALSE
	EndGlobalSection
	GlobalSection(NestedProjects) = preSolution
		{B4D577B6-47B7-494B-9590-80247F14F2E7} = {62B5C536-C224-4EE1-972F-05F732B5980B}
		{293C5F55-2CB1-4398-946B-8AD8E37D7FEE} = {5E2DA015-A829-4304-9B2F-B868ECB77A95}
		{9D46FF1C-E09F-4063-A97D-C09F26310B67} = {CD611531-75EA-4328-8C25-8D0496E61EC2}
		{568A07AC-AF60-4A3E-ABD3-2B51D9DD4EBF} = {9D46FF1C-E09F-4063-A97D-C09F26310B67}
		{16539CB8-8AC7-4AD0-9D54-8EE615B2FCF3} = {9D46FF1C-E09F-4063-A97D-C09F26310B67}
		{E785DDD0-B9CD-4412-8A3C-4E65C601168C} = {9D46FF1C-E09F-4063-A97D-C09F26310B67}
		{19DB05E9-59B6-45E9-B47D-62913F7DF9A8} = {9D46FF1C-E09F-4063-A97D-C09F26310B67}
		{CEA0F0C9-DF25-446B-8F55-FB629BD1D3E6} = {62B5C536-C224-4EE1-972F-05F732B5980B}
		{706334B8-BB91-49A4-BC9C-DFFDF3DCD770} = {E8ADE5A7-4363-43B7-B104-6B0E5510CAF0}
		{C8508256-2EC1-4C88-B61D-AFB86569FBCD} = {9D46FF1C-E09F-4063-A97D-C09F26310B67}
		{3870145D-F6DC-4082-A3F5-2316D49ADD43} = {9D46FF1C-E09F-4063-A97D-C09F26310B67}
		{02EA681E-C7D8-13C7-8484-4AC65E1B71E8} = {CD611531-75EA-4328-8C25-8D0496E61EC2}
		{0682D98B-82C9-4EC9-8207-70C142418BB2} = {02EA681E-C7D8-13C7-8484-4AC65E1B71E8}
		{50AABB72-FDA0-417B-875D-3DB2EE7C3BAF} = {02EA681E-C7D8-13C7-8484-4AC65E1B71E8}
		{C7FC1228-24FC-4353-8676-F48CBAAB39F2} = {02EA681E-C7D8-13C7-8484-4AC65E1B71E8}
		{5C3AF6C4-561B-4261-9E7C-6643F95253AF} = {02EA681E-C7D8-13C7-8484-4AC65E1B71E8}
		{DD215D09-65A9-4CA2-8D08-1451193194C1} = {02EA681E-C7D8-13C7-8484-4AC65E1B71E8}
		{AB31A11D-2B8A-405A-A70A-FD94E99689E5} = {02EA681E-C7D8-13C7-8484-4AC65E1B71E8}
	EndGlobalSection
	GlobalSection(ExtensibilityGlobals) = postSolution
		SolutionGuid = {75550D8C-A492-4ED3-8387-206830F8B21E}
	EndGlobalSection
EndGlobal
