
Microsoft Visual Studio Solution File, Format Version 12.00
# Visual Studio 15
VisualStudioVersion = 15.0.26730.16
MinimumVisualStudioVersion = 10.0.40219.1
Project("{9A19103F-16F7-4668-BE54-9A1E7A4F7556}") = "LLVMSharp", "src\LLVMSharp.csproj", "{3EA66A6D-9DC3-46FF-AA7F-D0BB5BF0BA73}"
EndProject
Project("{FAE04EC0-301F-11D3-BF4B-00C04F79EFBC}") = "LLVMSharp.Tests", "Tests\LLVMSharp.Tests.csproj", "{40C8C114-092F-4263-9685-F1A4A8E1CAD8}"
EndProject
Global
	GlobalSection(SolutionConfigurationPlatforms) = preSolution
		Debug|Any CPU = Debug|Any CPU
		Release|Any CPU = Release|Any CPU
	EndGlobalSection
	GlobalSection(ProjectConfigurationPlatforms) = postSolution
		{3EA66A6D-9DC3-46FF-AA7F-D0BB5BF0BA73}.Debug|Any CPU.ActiveCfg = Debug|Any CPU
		{3EA66A6D-9DC3-46FF-AA7F-D0BB5BF0BA73}.Debug|Any CPU.Build.0 = Debug|Any CPU
		{3EA66A6D-9DC3-46FF-AA7F-D0BB5BF0BA73}.Release|Any CPU.ActiveCfg = Release|Any CPU
		{3EA66A6D-9DC3-46FF-AA7F-D0BB5BF0BA73}.Release|Any CPU.Build.0 = Release|Any CPU
		{40C8C114-092F-4263-9685-F1A4A8E1CAD8}.Debug|Any CPU.ActiveCfg = Debug|Any CPU
		{40C8C114-092F-4263-9685-F1A4A8E1CAD8}.Debug|Any CPU.Build.0 = Debug|Any CPU
		{40C8C114-092F-4263-9685-F1A4A8E1CAD8}.Release|Any CPU.ActiveCfg = Release|Any CPU
		{40C8C114-092F-4263-9685-F1A4A8E1CAD8}.Release|Any CPU.Build.0 = Release|Any CPU
	EndGlobalSection
	GlobalSection(SolutionProperties) = preSolution
		HideSolutionNode = FALSE
	EndGlobalSection
	GlobalSection(ExtensibilityGlobals) = postSolution
		SolutionGuid = {75550D8C-A492-4ED3-8387-206830F8B21E}
	EndGlobalSection
EndGlobal
