
Microsoft Visual Studio Solution File, Format Version 12.00
# Visual Studio 2013
VisualStudioVersion = 12.0.31101.0
MinimumVisualStudioVersion = 10.0.40219.1
Project("{FAE04EC0-301F-11D3-BF4B-00C04F79EFBC}") = "Kaleidoscope", "Kaleidoscope\Kaleidoscope.csproj", "{CD23CB2E-951B-4FAD-A4CD-4048731DBA31}"
EndProject
Project("{FAE04EC0-301F-11D3-BF4B-00C04F79EFBC}") = "KaleidoscopeLLVM", "KaleidoscopeLLVM\KaleidoscopeLLVM.csproj", "{C1147A13-4174-410A-A891-335D858703B7}"
EndProject
Global
	GlobalSection(SolutionConfigurationPlatforms) = preSolution
		Debug|Any CPU = Debug|Any CPU
		Debug|x64 = Debug|x64
		Release|Any CPU = Release|Any CPU
		Release|x64 = Release|x64
	EndGlobalSection
	GlobalSection(ProjectConfigurationPlatforms) = postSolution
		{CD23CB2E-951B-4FAD-A4CD-4048731DBA31}.Debug|Any CPU.ActiveCfg = Debug|Any CPU
		{CD23CB2E-951B-4FAD-A4CD-4048731DBA31}.Debug|Any CPU.Build.0 = Debug|Any CPU
		{CD23CB2E-951B-4FAD-A4CD-4048731DBA31}.Release|Any CPU.ActiveCfg = Release|Any CPU
		{CD23CB2E-951B-4FAD-A4CD-4048731DBA31}.Release|Any CPU.Build.0 = Release|Any CPU
		{C1147A13-4174-410A-A891-335D858703B7}.Debug|Any CPU.ActiveCfg = Debug|Any CPU
		{C1147A13-4174-410A-A891-335D858703B7}.Debug|Any CPU.Build.0 = Debug|Any CPU
		{C1147A13-4174-410A-A891-335D858703B7}.Release|Any CPU.ActiveCfg = Release|Any CPU
		{C1147A13-4174-410A-A891-335D858703B7}.Release|Any CPU.Build.0 = Release|Any CPU
		{C1147A13-4174-410A-A891-335D858703B7}.Release|x64.ActiveCfg = Release|Any CPU
	EndGlobalSection
	GlobalSection(SolutionProperties) = preSolution
		HideSolutionNode = FALSE
	EndGlobalSection
EndGlobal
