
Microsoft Visual Studio Solution File, Format Version 12.00
# Visual Studio 14
VisualStudioVersion = 14.0.23107.0
MinimumVisualStudioVersion = 10.0.40219.1
Project("{8BC9CEB8-8B4A-11D0-8D11-00A0C91BC942}") = "libLLVM", "libLLVM.vcxproj", "{20EFD1FE-F9BE-4E5F-BEE5-359D27E78BEF}"
EndProject
Global
	GlobalSection(SolutionConfigurationPlatforms) = preSolution
		Release|Win32 = Release|Win32
		Release|x64 = Release|x64
	EndGlobalSection
	GlobalSection(ProjectConfigurationPlatforms) = postSolution
		{20EFD1FE-F9BE-4E5F-BEE5-359D27E78BEF}.Release|Win32.ActiveCfg = Release|Win32
		{20EFD1FE-F9BE-4E5F-BEE5-359D27E78BEF}.Release|Win32.Build.0 = Release|Win32
		{20EFD1FE-F9BE-4E5F-BEE5-359D27E78BEF}.Release|x64.ActiveCfg = Release|x64
		{20EFD1FE-F9BE-4E5F-BEE5-359D27E78BEF}.Release|x64.Build.0 = Release|x64
	EndGlobalSection
	GlobalSection(SolutionProperties) = preSolution
		HideSolutionNode = FALSE
	EndGlobalSection
EndGlobal
